
Microsoft Visual Studio Solution File, Format Version 12.00
# Visual Studio Version 16
VisualStudioVersion = 16.0.30114.105
MinimumVisualStudioVersion = 10.0.40219.1
Project("{FAE04EC0-301F-11D3-BF4B-00C04F79EFBC}") = "OnlineStore.Infrastructure", "OnlineStore.Infrastructure\OnlineStore.Infrastructure.csproj", "{5A0ACE28-8442-4695-ABFD-7A3C570F696E}"
EndProject
Project("{FAE04EC0-301F-11D3-BF4B-00C04F79EFBC}") = "OnlineStore.Core", "OnlineStore.Core\OnlineStore.Core.csproj", "{777682CC-9CB5-461F-B5D0-1544F2DFE09B}"
EndProject
Project("{FAE04EC0-301F-11D3-BF4B-00C04F79EFBC}") = "OnlineStore.AdminBlazorServer", "OnlineStore.AdminBlazorServer\OnlineStore.AdminBlazorServer.csproj", "{4B830537-9744-4332-BB73-EABDE1A9C2A0}"
EndProject
Project("{2150E333-8FDC-42A3-9474-1A3956D46DE8}") = "Solution Items", "Solution Items", "{21F6E5E0-F756-4F0B-852A-37366DD61664}"
	ProjectSection(SolutionItems) = preProject
		README.md = README.md
		global.json = global.json
	EndProjectSection
EndProject
Project("{FAE04EC0-301F-11D3-BF4B-00C04F79EFBC}") = "OnlineStore.Core.Tests", "OnlineStore.Core.Tests\OnlineStore.Core.Tests.csproj", "{65BAD58D-8025-43CA-BE07-E40ECD1A8420}"
EndProject
Project("{FAE04EC0-301F-11D3-BF4B-00C04F79EFBC}") = "OnlineStore.AdminBlazorServer.Tests", "OnlineStore.AdminBlazorServer.Tests\OnlineStore.AdminBlazorServer.Tests.csproj", "{DB320781-AB81-40CA-ADC2-3263C20B4513}"
EndProject
Project("{FAE04EC0-301F-11D3-BF4B-00C04F79EFBC}") = "OnlineStore.PublicApi", "OnlineStore.PublicApi\OnlineStore.PublicApi.csproj", "{9A0F0E75-7659-4CC4-AB45-AA02F271593C}"
EndProject
Global
	GlobalSection(SolutionConfigurationPlatforms) = preSolution
		Debug|Any CPU = Debug|Any CPU
		Release|Any CPU = Release|Any CPU
	EndGlobalSection
	GlobalSection(SolutionProperties) = preSolution
		HideSolutionNode = FALSE
	EndGlobalSection
	GlobalSection(ProjectConfigurationPlatforms) = postSolution
		{5A0ACE28-8442-4695-ABFD-7A3C570F696E}.Debug|Any CPU.ActiveCfg = Debug|Any CPU
		{5A0ACE28-8442-4695-ABFD-7A3C570F696E}.Debug|Any CPU.Build.0 = Debug|Any CPU
		{5A0ACE28-8442-4695-ABFD-7A3C570F696E}.Release|Any CPU.ActiveCfg = Release|Any CPU
		{5A0ACE28-8442-4695-ABFD-7A3C570F696E}.Release|Any CPU.Build.0 = Release|Any CPU
		{777682CC-9CB5-461F-B5D0-1544F2DFE09B}.Debug|Any CPU.ActiveCfg = Debug|Any CPU
		{777682CC-9CB5-461F-B5D0-1544F2DFE09B}.Debug|Any CPU.Build.0 = Debug|Any CPU
		{777682CC-9CB5-461F-B5D0-1544F2DFE09B}.Release|Any CPU.ActiveCfg = Release|Any CPU
		{777682CC-9CB5-461F-B5D0-1544F2DFE09B}.Release|Any CPU.Build.0 = Release|Any CPU
		{4B830537-9744-4332-BB73-EABDE1A9C2A0}.Debug|Any CPU.ActiveCfg = Debug|Any CPU
		{4B830537-9744-4332-BB73-EABDE1A9C2A0}.Debug|Any CPU.Build.0 = Debug|Any CPU
		{4B830537-9744-4332-BB73-EABDE1A9C2A0}.Release|Any CPU.ActiveCfg = Release|Any CPU
		{4B830537-9744-4332-BB73-EABDE1A9C2A0}.Release|Any CPU.Build.0 = Release|Any CPU
		{65BAD58D-8025-43CA-BE07-E40ECD1A8420}.Debug|Any CPU.ActiveCfg = Debug|Any CPU
		{65BAD58D-8025-43CA-BE07-E40ECD1A8420}.Debug|Any CPU.Build.0 = Debug|Any CPU
		{65BAD58D-8025-43CA-BE07-E40ECD1A8420}.Release|Any CPU.ActiveCfg = Release|Any CPU
		{65BAD58D-8025-43CA-BE07-E40ECD1A8420}.Release|Any CPU.Build.0 = Release|Any CPU
		{DB320781-AB81-40CA-ADC2-3263C20B4513}.Debug|Any CPU.ActiveCfg = Debug|Any CPU
		{DB320781-AB81-40CA-ADC2-3263C20B4513}.Debug|Any CPU.Build.0 = Debug|Any CPU
		{DB320781-AB81-40CA-ADC2-3263C20B4513}.Release|Any CPU.ActiveCfg = Release|Any CPU
		{DB320781-AB81-40CA-ADC2-3263C20B4513}.Release|Any CPU.Build.0 = Release|Any CPU
		{9A0F0E75-7659-4CC4-AB45-AA02F271593C}.Debug|Any CPU.ActiveCfg = Debug|Any CPU
		{9A0F0E75-7659-4CC4-AB45-AA02F271593C}.Debug|Any CPU.Build.0 = Debug|Any CPU
		{9A0F0E75-7659-4CC4-AB45-AA02F271593C}.Release|Any CPU.ActiveCfg = Release|Any CPU
		{9A0F0E75-7659-4CC4-AB45-AA02F271593C}.Release|Any CPU.Build.0 = Release|Any CPU
	EndGlobalSection
EndGlobal
